{
  "nodes": {
    "crane": {
      "locked": {
        "lastModified": 1790899423,
        "narHash": "sha256-THGtz65UGJU+sonZidRboyCMk+9DclpMF7pwL4uDV4M=",
        "owner": "ipetkov",
        "repo": "crane",
        "rev": "47b6b27ed9a3a9181415e4367d0c30ab2a0e0250",
        "type": "github"
      },
      "original": {
        "owner": "ipetkov",
        "repo": "crane",
        "type": "github"
      }
    },
    "crane_2": {
      "locked": {
        "lastModified": 1790899423,
        "narHash": "sha256-THGtz65UGJU+sonZidRboyCMk+9DclpMF7pwL4uDV4M=",
        "owner": "ipetkov",
        "repo": "crane",
        "rev": "47b6b27ed9a3a9181415e4367d0c30ab2a0e0250",
        "type": "github"
      },
      "original": {
        "owner": "ipetkov",
        "repo": "crane",
        "type": "github"
      }
    },
    "crane_3": {
      "locked": {
        "lastModified": 1790899423,
        "narHash": "sha256-THGtz65UGJU+sonZidRboyCMk+9DclpMF7pwL4uDV4M=",
        "owner": "ipetkov",
        "repo": "crane",
        "rev": "47b6b27ed9a3a9181415e4367d0c30ab2a0e0250",
        "type": "github"
      },
      "original": {
        "owner": "ipetkov",
        "repo": "crane",
        "type": "github"
      }
    },
    "filmcraft": {
      "inputs": {
        "crane": "crane",
        "flake-utils": "flake-utils",
        "nixpkgs": "nixpkgs",
        "repo": "repo",
        "rust-overlay": "rust-overlay"
      },
      "locked": {
        "path": "./filmcraft",
        "type": "path"
      },
      "original": {
        "path": "./filmcraft",
        "type": "path"
      },
      "parent": []
    },
    "flake-utils": {
      "inputs": {
        "systems": "systems"
      },
      "locked": {
        "lastModified": 1731533236,
        "narHash": "sha256-l0KFg5HjrsfsO/JpG+r7fRrqm12kzFHyUHqHCVpMMbI=",
        "owner": "numtide",
        "repo": "flake-utils",
        "rev": "11707dc2f618dd54ca8739b309ec4fc024de578b",
        "type": "github"
      },
      "original": {
        "owner": "numtide",
        "repo": "flake-utils",
        "type": "github"
      }
    },
    "flake-utils_2": {
      "inputs": {
        "systems": "systems_2"
      },
      "locked": {
        "lastModified": 1731533236,
        "narHash": "sha256-l0KFg5HjrsfsO/JpG+r7fRrqm12kzFHyUHqHCVpMMbI=",
        "owner": "numtide",
        "repo": "flake-utils",
        "rev": "11707dc2f618dd54ca8739b309ec4fc024de578b",
        "type": "github"
      },
      "original": {
        "owner": "numtide",
        "repo": "flake-utils",
        "type": "github"
      }
    },
    "flake-utils_3": {
      "inputs": {
        "systems": "systems_3"
      },
      "locked": {
        "lastModified": 1731533236,
        "narHash": "sha256-l0KFg5HjrsfsO/JpG+r7fRrqm12kzFHyUHqHCVpMMbI=",
        "owner": "numtide",
        "repo": "flake-utils",
        "rev": "11707dc2f618dd54ca8739b309ec4fc024de578b",
        "type": "github"
      },
      "original": {
        "owner": "numtide",
        "repo": "flake-utils",
        "type": "github"
      }
    },
    "flake-utils_4": {
      "inputs": {
        "systems": "systems_4"
      },
      "locked": {
        "lastModified": 1731533236,
        "narHash": "sha256-l0KFg5HjrsfsO/JpG+r7fRrqm12kzFHyUHqHCVpMMbI=",
        "owner": "numtide",
        "repo": "flake-utils",
        "rev": "11707dc2f618dd54ca8739b309ec4fc024de578b",
        "type": "github"
      },
      "original": {
        "owner": "numtide",
        "repo": "flake-utils",
        "type": "github"
      }
    },
    "gridcraft": {
      "inputs": {
        "crane": "crane_2",
        "flake-utils": "flake-utils_2",
        "nixpkgs": "nixpkgs_2",
        "repo": "repo_2",
        "rust-overlay": "rust-overlay_2"
      },
      "locked": {
        "path": "./gridcraft",
        "type": "path"
      },
      "original": {
        "path": "./gridcraft",
        "type": "path"
      },
      "parent": []
    },
    "kingstvis": {
      "inputs": {
        "flake-utils": "flake-utils_3",
        "nixpkgs": "nixpkgs_3",
        "nixpkgs-old": "nixpkgs-old",
        "ws281x": "ws281x"
      },
      "locked": {
        "path": "./kingstvis",
        "type": "path"
      },
      "original": {
        "path": "./kingstvis",
        "type": "path"
      },
      "parent": []
    },
    "kitten-space-agency": {
      "inputs": {
        "nixpkgs": "nixpkgs_5"
      },
      "locked": {
        "path": "./kitten-space-agency",
        "type": "path"
      },
      "original": {
        "path": "./kitten-space-agency",
        "type": "path"
      },
      "parent": []
    },
    "nixpkgs": {
      "locked": {
        "lastModified": 1791456040,
        "narHash": "sha256-H83yz/do+hjOO0uujHyH8RgtIQP2v7Mw+cLwcZK/xKc=",
        "owner": "NixOS",
        "repo": "nixpkgs",
        "rev": "e7439b6b14ad3cc35d05608ebca9bce01a25f5f8",
        "type": "github"
      },
      "original": {
        "owner": "NixOS",
        "ref": "nixos-unstable",
        "repo": "nixpkgs",
        "type": "github"
      }
    },
    "nixpkgs-old": {
      "locked": {
        "lastModified": 1659446231,
        "narHash": "sha256-hekabNdTdgR/iLsgce5TGWmfIDZ86qjPhxDg/8TlzhE=",
        "owner": "NixOS",
        "repo": "nixpkgs",
        "rev": "eabc38219184cc3e04a974fe31857d8e0eac098d",
        "type": "github"
      },
      "original": {
        "owner": "NixOS",
        "ref": "nixos-21.11",
        "repo": "nixpkgs",
        "type": "github"
      }
    },
    "nixpkgs_2": {
      "locked": {
        "lastModified": 1791456040,
        "narHash": "sha256-H83yz/do+hjOO0uujHyH8RgtIQP2v7Mw+cLwcZK/xKc=",
        "owner": "NixOS",
        "repo": "nixpkgs",
        "rev": "e7439b6b14ad3cc35d05608ebca9bce01a25f5f8",
        "type": "github"
      },
      "original": {
        "owner": "NixOS",
        "ref": "nixos-unstable",
        "repo": "nixpkgs",
        "type": "github"
      }
    },
    "nixpkgs_3": {
      "inputs": {
        "nixpkgs": "nixpkgs_4"
      },
      "locked": {
        "lastModified": 1791489426,
        "narHash": "sha256-JWcUPonSvas3nV9jzL+ieXaHqBdgOr/M3LtnppxXXgU=",
        "owner": "numtide",
        "repo": "nixpkgs-unfree",
        "rev": "51817c69944ceccdc1308a717fff602ec15f9703",
        "type": "github"
      },
      "original": {
        "owner": "numtide",
        "ref": "nixos-unstable",
        "repo": "nixpkgs-unfree",
        "type": "github"
      }
    },
    "nixpkgs_4": {
      "locked": {
        "lastModified": 1791456040,
        "narHash": "sha256-H83yz/do+hjOO0uujHyH8RgtIQP2v7Mw+cLwcZK/xKc=",
        "owner": "NixOS",
        "repo": "nixpkgs",
        "rev": "e7439b6b14ad3cc35d05608ebca9bce01a25f5f8",
        "type": "github"
      },
      "original": {
        "id": "nixpkgs",
        "type": "indirect"
      }
    },
    "nixpkgs_5": {
      "inputs": {
        "nixpkgs": "nixpkgs_6"
      },
      "locked": {
        "lastModified": 1791489426,
        "narHash": "sha256-JWcUPonSvas3nV9jzL+ieXaHqBdgOr/M3LtnppxXXgU=",
        "owner": "numtide",
        "repo": "nixpkgs-unfree",
        "rev": "51817c69944ceccdc1308a717fff602ec15f9703",
        "type": "github"
      },
      "original": {
        "owner": "numtide",
        "ref": "nixos-unstable",
        "repo": "nixpkgs-unfree",
        "type": "github"
      }
    },
    "nixpkgs_6": {
      "locked": {
        "lastModified": 1791456040,
        "narHash": "sha256-H83yz/do+hjOO0uujHyH8RgtIQP2v7Mw+cLwcZK/xKc=",
        "owner": "NixOS",
        "repo": "nixpkgs",
        "rev": "e7439b6b14ad3cc35d05608ebca9bce01a25f5f8",
        "type": "github"
      },
      "original": {
        "id": "nixpkgs",
        "type": "indirect"
      }
    },
    "nixpkgs_7": {
      "locked": {
        "lastModified": 1791456040,
        "narHash": "sha256-H83yz/do+hjOO0uujHyH8RgtIQP2v7Mw+cLwcZK/xKc=",
        "owner": "NixOS",
        "repo": "nixpkgs",
        "rev": "e7439b6b14ad3cc35d05608ebca9bce01a25f5f8",
        "type": "github"
      },
      "original": {
        "owner": "NixOS",
        "ref": "nixos-unstable",
        "repo": "nixpkgs",
        "type": "github"
      }
    },
    "photocraft": {
      "inputs": {
        "crane": "crane_3",
        "flake-utils": "flake-utils_4",
        "nixpkgs": "nixpkgs_7",
        "repo": "repo_3",
        "rust-overlay": "rust-overlay_3"
      },
      "locked": {
        "path": "./photocraft",
        "type": "path"
      },
      "original": {
        "path": "./photocraft",
        "type": "path"
      },
      "parent": []
    },
    "repo": {
      "flake": false,
      "locked": {
        "lastModified": 1791468099,
        "narHash": "sha256-qM8o8rSiiGBif0UePQpn6aAEzqbjIMx3ZRoE3wA1yFI=",
        "owner": "storytold",
        "repo": "filmcraft",
        "rev": "5231852443363f001c3f6b396dd9b1e6461ae2be",
        "type": "github"
      },
      "original": {
        "owner": "storytold",
        "repo": "filmcraft",
        "type": "github"
      }
    },
    "repo_2": {
      "flake": false,
      "locked": {
        "lastModified": 1791468149,
        "narHash": "sha256-C7MOB7YvkYG3aE3PAEtRChdYCRi2tTfu6d/qQhTNX+c=",
        "owner": "storytold",
        "repo": "gridcraft",
        "rev": "fb823899c57b41703edcad2b6476cf4b8a01dfc4",
        "type": "github"
      },
      "original": {
        "owner": "storytold",
        "repo": "gridcraft",
        "type": "github"
      }
    },
    "repo_3": {
      "flake": false,
      "locked": {
        "lastModified": 1791495416,
        "narHash": "sha256-hmWe/DcEWglcPvWQ7DDFmNs8jqYuslUpbL710zfCbsY=",
        "owner": "storytold",
        "repo": "photocraft",
        "rev": "d836e3458d77c316b48604fb54525b1dc9217408",
        "type": "github"
      },
      "original": {
        "owner": "storytold",
        "repo": "photocraft",
        "type": "github"
      }
    },
    "root": {
      "inputs": {
        "filmcraft": "filmcraft",
        "gridcraft": "gridcraft",
        "kingstvis": "kingstvis",
        "kitten-space-agency": "kitten-space-agency",
        "photocraft": "photocraft"
      }
    },
    "rust-overlay": {
      "inputs": {
        "nixpkgs": [
          "filmcraft",
          "nixpkgs"
        ]
      },
      "locked": {
        "lastModified": 1791448976,
        "narHash": "sha256-HJ4TEF3j7HmLYeEP/PtqjeiBX/6TppXB2qY53HcrWbs=",
        "owner": "oxalica",
        "repo": "rust-overlay",
        "rev": "f91010a5c1b6125b715eb78a84fb5dd8fb74a2b0",
        "type": "github"
      },
      "original": {
        "owner": "oxalica",
        "repo": "rust-overlay",
        "type": "github"
      }
    },
    "rust-overlay_2": {
      "inputs": {
        "nixpkgs": [
          "gridcraft",
          "nixpkgs"
        ]
      },
      "locked": {
        "lastModified": 1791448976,
        "narHash": "sha256-HJ4TEF3j7HmLYeEP/PtqjeiBX/6TppXB2qY53HcrWbs=",
        "owner": "oxalica",
        "repo": "rust-overlay",
        "rev": "f91010a5c1b6125b715eb78a84fb5dd8fb74a2b0",
        "type": "github"
      },
      "original": {
        "owner": "oxalica",
        "repo": "rust-overlay",
        "type": "github"
      }
    },
    "rust-overlay_3": {
      "inputs": {
        "nixpkgs": [
          "photocraft",
          "nixpkgs"
        ]
      },
      "locked": {
        "lastModified": 1791448976,
        "narHash": "sha256-HJ4TEF3j7HmLYeEP/PtqjeiBX/6TppXB2qY53HcrWbs=",
        "owner": "oxalica",
        "repo": "rust-overlay",
        "rev": "f91010a5c1b6125b715eb78a84fb5dd8fb74a2b0",
        "type": "github"
      },
      "original": {
        "owner": "oxalica",
        "repo": "rust-overlay",
        "type": "github"
      }
    },
    "systems": {
      "locked": {
        "lastModified": 1681028828,
        "narHash": "sha256-Vy1rq5AaRuLzOxct8nz4T6wlgyUR7zLU309k9mBC768=",
        "owner": "nix-systems",
        "repo": "default",
        "rev": "da67096a3b9bf56a91d16901293e51ba5b49a27e",
        "type": "github"
      },
      "original": {
        "owner": "nix-systems",
        "repo": "default",
        "type": "github"
      }
    },
    "systems_2": {
      "locked": {
        "lastModified": 1681028828,
        "narHash": "sha256-Vy1rq5AaRuLzOxct8nz4T6wlgyUR7zLU309k9mBC768=",
        "owner": "nix-systems",
        "repo": "default",
        "rev": "da67096a3b9bf56a91d16901293e51ba5b49a27e",
        "type": "github"
      },
      "original": {
        "owner": "nix-systems",
        "repo": "default",
        "type": "github"
      }
    },
    "systems_3": {
      "locked": {
        "lastModified": 1681028828,
        "narHash": "sha256-Vy1rq5AaRuLzOxct8nz4T6wlgyUR7zLU309k9mBC768=",
        "owner": "nix-systems",
        "repo": "default",
        "rev": "da67096a3b9bf56a91d16901293e51ba5b49a27e",
        "type": "github"
      },
      "original": {
        "owner": "nix-systems",
        "repo": "default",
        "type": "github"
      }
    },
    "systems_4": {
      "locked": {
        "lastModified": 1681028828,
        "narHash": "sha256-Vy1rq5AaRuLzOxct8nz4T6wlgyUR7zLU309k9mBC768=",
        "owner": "nix-systems",
        "repo": "default",
        "rev": "da67096a3b9bf56a91d16901293e51ba5b49a27e",
        "type": "github"
      },
      "original": {
        "owner": "nix-systems",
        "repo": "default",
        "type": "github"
      }
    },
    "ws281x": {
      "inputs": {
        "nixpkgs": [
          "kingstvis",
          "nixpkgs"
        ]
      },
      "locked": {
        "lastModified": 1789040844,
        "narHash": "sha256-xDPizKDknys4A5lmF8y0ClXmHqQDnBZ2IXmkJ7KDlnk=",
        "ref": "refs/heads/main",
        "rev": "d90c10f0eec4fb74781712198b346318f4d11fc6",
        "revCount": 1,
        "type": "git",
        "url": "ssh://git@github.com/mergmann/ws281x-kingst"
      },
      "original": {
        "type": "git",
        "url": "ssh://git@github.com/mergmann/ws281x-kingst"
      }
    }
  },
  "root": "root",
  "version": 7
}
